
Microsoft Visual Studio Solution File, Format Version 12.00
# Visual Studio 15
VisualStudioVersion = 15.0.27703.2000
MinimumVisualStudioVersion = 10.0.40219.1
Project("{FAE04EC0-301F-11D3-BF4B-00C04F79EFBC}") = "InfixToPostfix", "InfixToPostfix\InfixToPostfix.csproj", "{09E91EEE-4209-449D-8C87-8EFD0F995289}"
EndProject
Project("{FAE04EC0-301F-11D3-BF4B-00C04F79EFBC}") = "GroupingCheckTest", "GroupingCheckTest\GroupingCheckTest.csproj", "{24449F7E-A405-4D82-9A2C-30756B3CDCE0}"
EndProject
Global
	GlobalSection(SolutionConfigurationPlatforms) = preSolution
		Debug|Any CPU = Debug|Any CPU
		Release|Any CPU = Release|Any CPU
	EndGlobalSection
	GlobalSection(ProjectConfigurationPlatforms) = postSolution
		{09E91EEE-4209-449D-8C87-8EFD0F995289}.Debug|Any CPU.ActiveCfg = Debug|Any CPU
		{09E91EEE-4209-449D-8C87-8EFD0F995289}.Debug|Any CPU.Build.0 = Debug|Any CPU
		{09E91EEE-4209-449D-8C87-8EFD0F995289}.Release|Any CPU.ActiveCfg = Release|Any CPU
		{09E91EEE-4209-449D-8C87-8EFD0F995289}.Release|Any CPU.Build.0 = Release|Any CPU
		{24449F7E-A405-4D82-9A2C-30756B3CDCE0}.Debug|Any CPU.ActiveCfg = Debug|Any CPU
		{24449F7E-A405-4D82-9A2C-30756B3CDCE0}.Debug|Any CPU.Build.0 = Debug|Any CPU
		{24449F7E-A405-4D82-9A2C-30756B3CDCE0}.Release|Any CPU.ActiveCfg = Release|Any CPU
		{24449F7E-A405-4D82-9A2C-30756B3CDCE0}.Release|Any CPU.Build.0 = Release|Any CPU
	EndGlobalSection
	GlobalSection(SolutionProperties) = preSolution
		HideSolutionNode = FALSE
	EndGlobalSection
	GlobalSection(ExtensibilityGlobals) = postSolution
		SolutionGuid = {D930A727-1969-4CF1-BBAF-AACCB31F610A}
	EndGlobalSection
EndGlobal
